
Microsoft Visual Studio Solution File, Format Version 12.00
# Visual Studio Version 16
VisualStudioVersion = 25.0.1703.7
MinimumVisualStudioVersion = 10.0.40219.1
Project("{FAE04EC0-301F-11D3-BF4B-00C04F79EFBC}") = "Engine", "Beaw\Engine.csproj", "{363B5FD4-0C1E-4B03-BEA7-3CD34E5E45E6}"
EndProject
Project("{FAE04EC0-301F-11D3-BF4B-00C04F79EFBC}") = "Runtime", "Runtime\Runtime.csproj", "{71456FC3-8C8F-4EF7-BA4B-E73F77BDDC42}"
EndProject
Global
	GlobalSection(SolutionConfigurationPlatforms) = preSolution
		Debug|Any CPU = Debug|Any CPU
		Release|Any CPU = Release|Any CPU
	EndGlobalSection
	GlobalSection(ProjectConfigurationPlatforms) = postSolution
		{363B5FD4-0C1E-4B03-BEA7-3CD34E5E45E6}.Debug|Any CPU.ActiveCfg = Debug|Any CPU
		{363B5FD4-0C1E-4B03-BEA7-3CD34E5E45E6}.Debug|Any CPU.Build.0 = Debug|Any CPU
		{363B5FD4-0C1E-4B03-BEA7-3CD34E5E45E6}.Release|Any CPU.ActiveCfg = Release|Any CPU
		{363B5FD4-0C1E-4B03-BEA7-3CD34E5E45E6}.Release|Any CPU.Build.0 = Release|Any CPU
		{71456FC3-8C8F-4EF7-BA4B-E73F77BDDC42}.Debug|Any CPU.ActiveCfg = Debug|Any CPU
		{71456FC3-8C8F-4EF7-BA4B-E73F77BDDC42}.Debug|Any CPU.Build.0 = Debug|Any CPU
		{71456FC3-8C8F-4EF7-BA4B-E73F77BDDC42}.Release|Any CPU.ActiveCfg = Release|Any CPU
		{71456FC3-8C8F-4EF7-BA4B-E73F77BDDC42}.Release|Any CPU.Build.0 = Release|Any CPU
	EndGlobalSection
	GlobalSection(SolutionProperties) = preSolution
		HideSolutionNode = FALSE
	EndGlobalSection
	GlobalSection(ExtensibilityGlobals) = postSolution
		SolutionGuid = {E229BB4C-1410-4595-917B-7073D92DE68B}
	EndGlobalSection
EndGlobal
